
Microsoft Visual Studio Solution File, Format Version 12.00
# Visual Studio 15
VisualStudioVersion = 15.0.27004.2009
MinimumVisualStudioVersion = 10.0.40219.1
Project("{FAE04EC0-301F-11D3-BF4B-00C04F79EFBC}") = "BookManagementApp", "BookManagementApp\BookManagementApp.csproj", "{9AFE4D2D-625D-4F8C-9CF8-679A7D6AC123}"
EndProject
Project("{FAE04EC0-301F-11D3-BF4B-00C04F79EFBC}") = "DAL", "DAL\DAL.csproj", "{E85116B7-8556-4D32-AFF0-374CCEA5F49F}"
EndProject
Project("{FAE04EC0-301F-11D3-BF4B-00C04F79EFBC}") = "Services", "Services\Services.csproj", "{BF2C97DA-5BDA-44D9-88D9-32765E7271AE}"
EndProject
Global
	GlobalSection(SolutionConfigurationPlatforms) = preSolution
		Debug|Any CPU = Debug|Any CPU
		Release|Any CPU = Release|Any CPU
	EndGlobalSection
	GlobalSection(ProjectConfigurationPlatforms) = postSolution
		{9AFE4D2D-625D-4F8C-9CF8-679A7D6AC123}.Debug|Any CPU.ActiveCfg = Debug|Any CPU
		{9AFE4D2D-625D-4F8C-9CF8-679A7D6AC123}.Debug|Any CPU.Build.0 = Debug|Any CPU
		{9AFE4D2D-625D-4F8C-9CF8-679A7D6AC123}.Release|Any CPU.ActiveCfg = Release|Any CPU
		{9AFE4D2D-625D-4F8C-9CF8-679A7D6AC123}.Release|Any CPU.Build.0 = Release|Any CPU
		{E85116B7-8556-4D32-AFF0-374CCEA5F49F}.Debug|Any CPU.ActiveCfg = Debug|Any CPU
		{E85116B7-8556-4D32-AFF0-374CCEA5F49F}.Debug|Any CPU.Build.0 = Debug|Any CPU
		{E85116B7-8556-4D32-AFF0-374CCEA5F49F}.Release|Any CPU.ActiveCfg = Release|Any CPU
		{E85116B7-8556-4D32-AFF0-374CCEA5F49F}.Release|Any CPU.Build.0 = Release|Any CPU
		{BF2C97DA-5BDA-44D9-88D9-32765E7271AE}.Debug|Any CPU.ActiveCfg = Debug|Any CPU
		{BF2C97DA-5BDA-44D9-88D9-32765E7271AE}.Debug|Any CPU.Build.0 = Debug|Any CPU
		{BF2C97DA-5BDA-44D9-88D9-32765E7271AE}.Release|Any CPU.ActiveCfg = Release|Any CPU
		{BF2C97DA-5BDA-44D9-88D9-32765E7271AE}.Release|Any CPU.Build.0 = Release|Any CPU
	EndGlobalSection
	GlobalSection(SolutionProperties) = preSolution
		HideSolutionNode = FALSE
	EndGlobalSection
	GlobalSection(ExtensibilityGlobals) = postSolution
		SolutionGuid = {5537C0CD-BB94-47CA-BA10-A2E3493AD5B9}
	EndGlobalSection
EndGlobal
